{
  "name": "simplify-tree-nodes",
  "version": "0.1.0",
  "lockfileVersion": 1,
  "requires": true,
  "dependencies": {
    "append-type": {
      "version": "1.0.2",
      "resolved": "http://npm.ymmoa.com/append-type/-/append-type-1.0.2.tgz",
      "integrity": "sha1-pJLzUOgd3LRreH/GBb7Pbdi8y/Y="
    },
    "array-includes-all": {
      "version": "2.0.0",
      "resolved": "http://npm.ymmoa.com/array-includes-all/-/array-includes-all-2.0.0.tgz",
      "integrity": "sha1-jeJiJj3G5ErfjE0sOB5J05v1kYw=",
      "requires": {
        "append-type": "^1.0.1"
      }
    },
    "find-insert-index": {
      "version": "0.0.1",
      "resolved": "http://npm.ymmoa.com/find-insert-index/-/find-insert-index-0.0.1.tgz",
      "integrity": "sha1-Fs00ZkwqwjOQWrKzl0W87HITYt4="
    },
    "lodash": {
      "version": "4.17.11",
      "resolved": "http://npm.ymmoa.com/lodash/-/lodash-4.17.11.tgz",
      "integrity": "sha1-s56mIp72B+zYniyN8SU2iRysm40="
    },
    "mergesort": {
      "version": "0.0.1",
      "resolved": "http://npm.ymmoa.com/mergesort/-/mergesort-0.0.1.tgz",
      "integrity": "sha1-Nk7MMbKX3H9E5RHTZRdvHDnQj8I="
    },
    "tree-model": {
      "version": "1.0.7",
      "resolved": "http://npm.ymmoa.com/tree-model/-/tree-model-1.0.7.tgz",
      "integrity": "sha1-RbIweqLfwtqM62pjHB4rFVUNzog=",
      "requires": {
        "find-insert-index": "0.0.1",
        "mergesort": "0.0.1"
      }
    }
  }
}
